{
  "name": "scripts",
  "version": "1.0.0",
  "lockfileVersion": 3,
  "requires": true,
  "packages": {
    "": {
      "name": "scripts",
      "version": "1.0.0",
      "license": "ISC",
      "dependencies": {
        "@iarna/toml": "^2.2.5"
      }
    },
    "node_modules/@iarna/toml": {
      "version": "2.2.5",
      "license": "ISC"
    }
  }
}
